
Microsoft Visual Studio Solution File, Format Version 12.00
# Visual Studio Version 17
VisualStudioVersion = 17.5.002.0
MinimumVisualStudioVersion = 10.0.40219.1
Project("{9A19103F-16F7-4668-BE54-9A1E7A4F7556}") = "ExemploPOO", "ExemploPOO.csproj", "{E869AB77-DEE7-4405-A60B-34B72F9A551A}"
EndProject
Global
	GlobalSection(SolutionConfigurationPlatforms) = preSolution
		Debug|Any CPU = Debug|Any CPU
		Release|Any CPU = Release|Any CPU
	EndGlobalSection
	GlobalSection(ProjectConfigurationPlatforms) = postSolution
		{E869AB77-DEE7-4405-A60B-34B72F9A551A}.Debug|Any CPU.ActiveCfg = Debug|Any CPU
		{E869AB77-DEE7-4405-A60B-34B72F9A551A}.Debug|Any CPU.Build.0 = Debug|Any CPU
		{E869AB77-DEE7-4405-A60B-34B72F9A551A}.Release|Any CPU.ActiveCfg = Release|Any CPU
		{E869AB77-DEE7-4405-A60B-34B72F9A551A}.Release|Any CPU.Build.0 = Release|Any CPU
	EndGlobalSection
	GlobalSection(SolutionProperties) = preSolution
		HideSolutionNode = FALSE
	EndGlobalSection
	GlobalSection(ExtensibilityGlobals) = postSolution
		SolutionGuid = {F2502EC6-6CD6-4018-89F1-C9065919198E}
	EndGlobalSection
EndGlobal
